
Microsoft Visual Studio Solution File, Format Version 12.00
# Visual Studio Version 17
VisualStudioVersion = 17.9.34714.143
MinimumVisualStudioVersion = 10.0.40219.1
Project("{FAE04EC0-301F-11D3-BF4B-00C04F79EFBC}") = "MudaLifeCamManualFocus", "MudaLifeCamManualFocus.csproj", "{5BCB0A3E-3A48-479B-9EF1-05019049EB36}"
EndProject
Global
	GlobalSection(SolutionConfigurationPlatforms) = preSolution
		Debug|Any CPU = Debug|Any CPU
		Release|Any CPU = Release|Any CPU
	EndGlobalSection
	GlobalSection(ProjectConfigurationPlatforms) = postSolution
		{5BCB0A3E-3A48-479B-9EF1-05019049EB36}.Debug|Any CPU.ActiveCfg = Debug|Any CPU
		{5BCB0A3E-3A48-479B-9EF1-05019049EB36}.Debug|Any CPU.Build.0 = Debug|Any CPU
		{5BCB0A3E-3A48-479B-9EF1-05019049EB36}.Release|Any CPU.ActiveCfg = Release|Any CPU
		{5BCB0A3E-3A48-479B-9EF1-05019049EB36}.Release|Any CPU.Build.0 = Release|Any CPU
	EndGlobalSection
	GlobalSection(SolutionProperties) = preSolution
		HideSolutionNode = FALSE
	EndGlobalSection
	GlobalSection(ExtensibilityGlobals) = postSolution
		SolutionGuid = {D2B758F7-8BA3-44D6-AD3B-4653E08AC6A0}
	EndGlobalSection
EndGlobal
